
Microsoft Visual Studio Solution File, Format Version 12.00
# Visual Studio Version 17
VisualStudioVersion = 17.6.33723.286
MinimumVisualStudioVersion = 10.0.40219.1
Project("{FAE04EC0-301F-11D3-BF4B-00C04F79EFBC}") = "NguyenThanhDat_211201056", "NguyenThanhDat_211201056\NguyenThanhDat_211201056.csproj", "{A7F7F551-F9BA-4021-B85E-39BFF6DB073A}"
EndProject
Global
	GlobalSection(SolutionConfigurationPlatforms) = preSolution
		Debug|Any CPU = Debug|Any CPU
		Release|Any CPU = Release|Any CPU
	EndGlobalSection
	GlobalSection(ProjectConfigurationPlatforms) = postSolution
		{A7F7F551-F9BA-4021-B85E-39BFF6DB073A}.Debug|Any CPU.ActiveCfg = Debug|Any CPU
		{A7F7F551-F9BA-4021-B85E-39BFF6DB073A}.Debug|Any CPU.Build.0 = Debug|Any CPU
		{A7F7F551-F9BA-4021-B85E-39BFF6DB073A}.Release|Any CPU.ActiveCfg = Release|Any CPU
		{A7F7F551-F9BA-4021-B85E-39BFF6DB073A}.Release|Any CPU.Build.0 = Release|Any CPU
	EndGlobalSection
	GlobalSection(SolutionProperties) = preSolution
		HideSolutionNode = FALSE
	EndGlobalSection
	GlobalSection(ExtensibilityGlobals) = postSolution
		SolutionGuid = {F8E367E2-F1F1-471F-8369-90E7681B84BF}
	EndGlobalSection
EndGlobal
