
Microsoft Visual Studio Solution File, Format Version 12.00
# Visual Studio Version 17
VisualStudioVersion = 17.6.33723.286
MinimumVisualStudioVersion = 10.0.40219.1
Project("{FAE04EC0-301F-11D3-BF4B-00C04F79EFBC}") = "NguyenThanhDat_211201056", "NguyenThanhDat_211201056\NguyenThanhDat_211201056.csproj", "{C8662AD2-24D6-46FB-AC63-50D54951503C}"
EndProject
Global
	GlobalSection(SolutionConfigurationPlatforms) = preSolution
		Debug|Any CPU = Debug|Any CPU
		Release|Any CPU = Release|Any CPU
	EndGlobalSection
	GlobalSection(ProjectConfigurationPlatforms) = postSolution
		{C8662AD2-24D6-46FB-AC63-50D54951503C}.Debug|Any CPU.ActiveCfg = Debug|Any CPU
		{C8662AD2-24D6-46FB-AC63-50D54951503C}.Debug|Any CPU.Build.0 = Debug|Any CPU
		{C8662AD2-24D6-46FB-AC63-50D54951503C}.Release|Any CPU.ActiveCfg = Release|Any CPU
		{C8662AD2-24D6-46FB-AC63-50D54951503C}.Release|Any CPU.Build.0 = Release|Any CPU
	EndGlobalSection
	GlobalSection(SolutionProperties) = preSolution
		HideSolutionNode = FALSE
	EndGlobalSection
	GlobalSection(ExtensibilityGlobals) = postSolution
		SolutionGuid = {604D4CCB-E737-4A1C-A276-078E182C4CF1}
	EndGlobalSection
EndGlobal
